
Microsoft Visual Studio Solution File, Format Version 12.00
# Visual Studio Version 17
VisualStudioVersion = 17.6.33712.159
MinimumVisualStudioVersion = 10.0.40219.1
Project("{FAE04EC0-301F-11D3-BF4B-00C04F79EFBC}") = "HotkeyList", "HotkeyList\HotkeyList.csproj", "{53D3A7C4-4FF2-40FD-9DA6-2AB6815F32E7}"
EndProject
Global
	GlobalSection(SolutionConfigurationPlatforms) = preSolution
		Debug|Any CPU = Debug|Any CPU
		Release|Any CPU = Release|Any CPU
	EndGlobalSection
	GlobalSection(ProjectConfigurationPlatforms) = postSolution
		{53D3A7C4-4FF2-40FD-9DA6-2AB6815F32E7}.Debug|Any CPU.ActiveCfg = Debug|Any CPU
		{53D3A7C4-4FF2-40FD-9DA6-2AB6815F32E7}.Debug|Any CPU.Build.0 = Debug|Any CPU
		{53D3A7C4-4FF2-40FD-9DA6-2AB6815F32E7}.Release|Any CPU.ActiveCfg = Release|Any CPU
		{53D3A7C4-4FF2-40FD-9DA6-2AB6815F32E7}.Release|Any CPU.Build.0 = Release|Any CPU
	EndGlobalSection
	GlobalSection(SolutionProperties) = preSolution
		HideSolutionNode = FALSE
	EndGlobalSection
	GlobalSection(ExtensibilityGlobals) = postSolution
		SolutionGuid = {DD354218-1C1D-43C0-A9A2-253076D16EF4}
	EndGlobalSection
EndGlobal
